
Microsoft Visual Studio Solution File, Format Version 12.00
# Visual Studio Version 17
VisualStudioVersion = 17.5.33414.496
MinimumVisualStudioVersion = 10.0.40219.1
Project("{FAE04EC0-301F-11D3-BF4B-00C04F79EFBC}") = "User.API", "User.API\User.API.csproj", "{17E40A70-0BC7-4A24-879E-F38F0EE397AF}"
EndProject
Project("{FAE04EC0-301F-11D3-BF4B-00C04F79EFBC}") = "User.DB", "User.DB\User.DB.csproj", "{98B8E48F-0FBE-4006-B3F0-638E32EA526F}"
EndProject
Global
	GlobalSection(SolutionConfigurationPlatforms) = preSolution
		Debug|Any CPU = Debug|Any CPU
		Release|Any CPU = Release|Any CPU
	EndGlobalSection
	GlobalSection(ProjectConfigurationPlatforms) = postSolution
		{17E40A70-0BC7-4A24-879E-F38F0EE397AF}.Debug|Any CPU.ActiveCfg = Debug|Any CPU
		{17E40A70-0BC7-4A24-879E-F38F0EE397AF}.Debug|Any CPU.Build.0 = Debug|Any CPU
		{17E40A70-0BC7-4A24-879E-F38F0EE397AF}.Release|Any CPU.ActiveCfg = Release|Any CPU
		{17E40A70-0BC7-4A24-879E-F38F0EE397AF}.Release|Any CPU.Build.0 = Release|Any CPU
		{98B8E48F-0FBE-4006-B3F0-638E32EA526F}.Debug|Any CPU.ActiveCfg = Debug|Any CPU
		{98B8E48F-0FBE-4006-B3F0-638E32EA526F}.Debug|Any CPU.Build.0 = Debug|Any CPU
		{98B8E48F-0FBE-4006-B3F0-638E32EA526F}.Release|Any CPU.ActiveCfg = Release|Any CPU
		{98B8E48F-0FBE-4006-B3F0-638E32EA526F}.Release|Any CPU.Build.0 = Release|Any CPU
	EndGlobalSection
	GlobalSection(SolutionProperties) = preSolution
		HideSolutionNode = FALSE
	EndGlobalSection
	GlobalSection(ExtensibilityGlobals) = postSolution
		SolutionGuid = {EE7A9151-A6C8-477C-8C5E-23D19E571326}
	EndGlobalSection
EndGlobal
